
Microsoft Visual Studio Solution File, Format Version 12.00
# Visual Studio Version 16
VisualStudioVersion = 16.0.32228.343
MinimumVisualStudioVersion = 10.0.40219.1
Project("{FAE04EC0-301F-11D3-BF4B-00C04F79EFBC}") = "ConsoleApp58", "ConsoleApp58.csproj", "{EE702471-3391-4282-826A-D5BA24725CFE}"
EndProject
Global
	GlobalSection(SolutionConfigurationPlatforms) = preSolution
		Debug|Any CPU = Debug|Any CPU
		Release|Any CPU = Release|Any CPU
	EndGlobalSection
	GlobalSection(ProjectConfigurationPlatforms) = postSolution
		{EE702471-3391-4282-826A-D5BA24725CFE}.Debug|Any CPU.ActiveCfg = Debug|Any CPU
		{EE702471-3391-4282-826A-D5BA24725CFE}.Debug|Any CPU.Build.0 = Debug|Any CPU
		{EE702471-3391-4282-826A-D5BA24725CFE}.Release|Any CPU.ActiveCfg = Release|Any CPU
		{EE702471-3391-4282-826A-D5BA24725CFE}.Release|Any CPU.Build.0 = Release|Any CPU
	EndGlobalSection
	GlobalSection(SolutionProperties) = preSolution
		HideSolutionNode = FALSE
	EndGlobalSection
	GlobalSection(ExtensibilityGlobals) = postSolution
		SolutionGuid = {C3974A05-2EFF-448D-8BE1-3C29A71C6BBE}
	EndGlobalSection
EndGlobal
